
Microsoft Visual Studio Solution File, Format Version 12.00
# Visual Studio Version 16
VisualStudioVersion = 16.0.30330.147
MinimumVisualStudioVersion = 10.0.40219.1
Project("{FAE04EC0-301F-11D3-BF4B-00C04F79EFBC}") = "EnumerableExample", "EnumerableExample\EnumerableExample.csproj", "{FF4E2F85-2E64-4D85-8536-0EF9E87F436B}"
EndProject
Project("{FAE04EC0-301F-11D3-BF4B-00C04F79EFBC}") = "ClonableExample", "ClonableExample\ClonableExample.csproj", "{F9E992D2-7EFE-4CF7-B8B8-7BF5C62BAC24}"
EndProject
Project("{FAE04EC0-301F-11D3-BF4B-00C04F79EFBC}") = "ComparableExample", "ComparableExample\ComparableExample.csproj", "{5872CFF6-94C4-45C9-AC3E-6B41482D077E}"
EndProject
Global
	GlobalSection(SolutionConfigurationPlatforms) = preSolution
		Debug|Any CPU = Debug|Any CPU
		Release|Any CPU = Release|Any CPU
	EndGlobalSection
	GlobalSection(ProjectConfigurationPlatforms) = postSolution
		{FF4E2F85-2E64-4D85-8536-0EF9E87F436B}.Debug|Any CPU.ActiveCfg = Debug|Any CPU
		{FF4E2F85-2E64-4D85-8536-0EF9E87F436B}.Debug|Any CPU.Build.0 = Debug|Any CPU
		{FF4E2F85-2E64-4D85-8536-0EF9E87F436B}.Release|Any CPU.ActiveCfg = Release|Any CPU
		{FF4E2F85-2E64-4D85-8536-0EF9E87F436B}.Release|Any CPU.Build.0 = Release|Any CPU
		{F9E992D2-7EFE-4CF7-B8B8-7BF5C62BAC24}.Debug|Any CPU.ActiveCfg = Debug|Any CPU
		{F9E992D2-7EFE-4CF7-B8B8-7BF5C62BAC24}.Debug|Any CPU.Build.0 = Debug|Any CPU
		{F9E992D2-7EFE-4CF7-B8B8-7BF5C62BAC24}.Release|Any CPU.ActiveCfg = Release|Any CPU
		{F9E992D2-7EFE-4CF7-B8B8-7BF5C62BAC24}.Release|Any CPU.Build.0 = Release|Any CPU
		{5872CFF6-94C4-45C9-AC3E-6B41482D077E}.Debug|Any CPU.ActiveCfg = Debug|Any CPU
		{5872CFF6-94C4-45C9-AC3E-6B41482D077E}.Debug|Any CPU.Build.0 = Debug|Any CPU
		{5872CFF6-94C4-45C9-AC3E-6B41482D077E}.Release|Any CPU.ActiveCfg = Release|Any CPU
		{5872CFF6-94C4-45C9-AC3E-6B41482D077E}.Release|Any CPU.Build.0 = Release|Any CPU
	EndGlobalSection
	GlobalSection(SolutionProperties) = preSolution
		HideSolutionNode = FALSE
	EndGlobalSection
	GlobalSection(ExtensibilityGlobals) = postSolution
		SolutionGuid = {A41D2AEF-34B4-4920-855D-D1DCC4DFA458}
	EndGlobalSection
EndGlobal
